
Microsoft Visual Studio Solution File, Format Version 12.00
# Visual Studio Version 16
VisualStudioVersion = 16.0.29709.97
MinimumVisualStudioVersion = 10.0.40219.1
Project("{FAE04EC0-301F-11D3-BF4B-00C04F79EFBC}") = "LFA_07_04", "LFA_07_04\LFA_07_04.csproj", "{4FF4032E-81F2-422C-89E5-A62532B061CF}"
EndProject
Global
	GlobalSection(SolutionConfigurationPlatforms) = preSolution
		Debug|Any CPU = Debug|Any CPU
		Release|Any CPU = Release|Any CPU
	EndGlobalSection
	GlobalSection(ProjectConfigurationPlatforms) = postSolution
		{4FF4032E-81F2-422C-89E5-A62532B061CF}.Debug|Any CPU.ActiveCfg = Debug|Any CPU
		{4FF4032E-81F2-422C-89E5-A62532B061CF}.Debug|Any CPU.Build.0 = Debug|Any CPU
		{4FF4032E-81F2-422C-89E5-A62532B061CF}.Release|Any CPU.ActiveCfg = Release|Any CPU
		{4FF4032E-81F2-422C-89E5-A62532B061CF}.Release|Any CPU.Build.0 = Release|Any CPU
	EndGlobalSection
	GlobalSection(SolutionProperties) = preSolution
		HideSolutionNode = FALSE
	EndGlobalSection
	GlobalSection(ExtensibilityGlobals) = postSolution
		SolutionGuid = {CA562468-F6C3-4229-A3A0-BAD6CCAD67A5}
	EndGlobalSection
EndGlobal
